# THIS IS AN AUTOGENERATED FILE. DO NOT EDIT THIS FILE DIRECTLY.
# yarn lockfile v1


openzeppelin-solidity@^1.12.0:
  version "1.12.0"
  resolved "https://registry.yarnpkg.com/openzeppelin-solidity/-/openzeppelin-solidity-1.12.0.tgz#7b9c55975e73370d4541e3442b30cb3d91ac973a"

"solidity-util@https://github.com/willitscale/solidity-util":
  version "0.0.0"
  resolved "https://github.com/willitscale/solidity-util#dff2f08b21f54faf013d01ef054fe780befce28c"
